
Microsoft Visual Studio Solution File, Format Version 12.00
# Visual Studio Version 16
VisualStudioVersion = 16.0.29409.12
MinimumVisualStudioVersion = 10.0.40219.1
Project("{9A19103F-16F7-4668-BE54-9A1E7A4F7556}") = "PersianTools.Core", "PersianTools.Core\PersianTools.Core.csproj", "{0FB0ED9E-7A0E-4704-ACD2-B8E7E8394DBA}"
EndProject
Project("{9A19103F-16F7-4668-BE54-9A1E7A4F7556}") = "PersianTools.Test", "PersianTools.Test\PersianTools.Test.csproj", "{2215AE8C-C8FD-4B2F-A564-B138B1CA2E72}"
EndProject
Project("{9A19103F-16F7-4668-BE54-9A1E7A4F7556}") = "PersianTools.Web.Core", "PersianTools.Web.Core3\PersianTools.Web.Core.csproj", "{693B73A2-F11E-4BEB-B3DD-1063F7BCF88F}"
EndProject
Global
	GlobalSection(SolutionConfigurationPlatforms) = preSolution
		Debug|Any CPU = Debug|Any CPU
		Release|Any CPU = Release|Any CPU
	EndGlobalSection
	GlobalSection(ProjectConfigurationPlatforms) = postSolution
		{0FB0ED9E-7A0E-4704-ACD2-B8E7E8394DBA}.Debug|Any CPU.ActiveCfg = Debug|Any CPU
		{0FB0ED9E-7A0E-4704-ACD2-B8E7E8394DBA}.Debug|Any CPU.Build.0 = Debug|Any CPU
		{0FB0ED9E-7A0E-4704-ACD2-B8E7E8394DBA}.Release|Any CPU.ActiveCfg = Release|Any CPU
		{0FB0ED9E-7A0E-4704-ACD2-B8E7E8394DBA}.Release|Any CPU.Build.0 = Release|Any CPU
		{2215AE8C-C8FD-4B2F-A564-B138B1CA2E72}.Debug|Any CPU.ActiveCfg = Debug|Any CPU
		{2215AE8C-C8FD-4B2F-A564-B138B1CA2E72}.Debug|Any CPU.Build.0 = Debug|Any CPU
		{2215AE8C-C8FD-4B2F-A564-B138B1CA2E72}.Release|Any CPU.ActiveCfg = Release|Any CPU
		{2215AE8C-C8FD-4B2F-A564-B138B1CA2E72}.Release|Any CPU.Build.0 = Release|Any CPU
		{693B73A2-F11E-4BEB-B3DD-1063F7BCF88F}.Debug|Any CPU.ActiveCfg = Debug|Any CPU
		{693B73A2-F11E-4BEB-B3DD-1063F7BCF88F}.Debug|Any CPU.Build.0 = Debug|Any CPU
		{693B73A2-F11E-4BEB-B3DD-1063F7BCF88F}.Release|Any CPU.ActiveCfg = Release|Any CPU
		{693B73A2-F11E-4BEB-B3DD-1063F7BCF88F}.Release|Any CPU.Build.0 = Release|Any CPU
	EndGlobalSection
	GlobalSection(SolutionProperties) = preSolution
		HideSolutionNode = FALSE
	EndGlobalSection
	GlobalSection(ExtensibilityGlobals) = postSolution
		SolutionGuid = {085A68E1-413A-449F-ACF6-82A3877943F9}
	EndGlobalSection
EndGlobal
